
Microsoft Visual Studio Solution File, Format Version 12.00
# Visual Studio 2015
Project("{FAE04EC0-301F-11D3-BF4B-00C04F79EFBC}") = "Dungeon Master", "Dungeon Master.csproj", "{330F1DF4-6E22-73E1-0AB6-3CECF58EC70C}"
EndProject
Global
	GlobalSection(SolutionConfigurationPlatforms) = preSolution
		Debug|Any CPU = Debug|Any CPU
		Release|Any CPU = Release|Any CPU
	EndGlobalSection
	GlobalSection(ProjectConfigurationPlatforms) = postSolution
		{330F1DF4-6E22-73E1-0AB6-3CECF58EC70C}.Debug|Any CPU.ActiveCfg = Debug|Any CPU
		{330F1DF4-6E22-73E1-0AB6-3CECF58EC70C}.Debug|Any CPU.Build.0 = Debug|Any CPU
		{330F1DF4-6E22-73E1-0AB6-3CECF58EC70C}.Release|Any CPU.ActiveCfg = Release|Any CPU
		{330F1DF4-6E22-73E1-0AB6-3CECF58EC70C}.Release|Any CPU.Build.0 = Release|Any CPU
	EndGlobalSection
	GlobalSection(SolutionProperties) = preSolution
		HideSolutionNode = FALSE
	EndGlobalSection
EndGlobal
