Microsoft Visual Studio Solution File, Format Version 11.00
# Visual Studio 2008

Project("{4218C50E-E6FD-F861-DBA3-03B4432B0834}") = "Dungeon-Master", "Assembly-CSharp.csproj", "{FAB48452-BA18-54BA-ED23-31D13566339D}"
EndProject
Project("{4218C50E-E6FD-F861-DBA3-03B4432B0834}") = "Dungeon-Master", "Assembly-CSharp-Editor.csproj", "{1FE6739A-4CF0-13A1-56A2-F92F82BC85D3}"
EndProject
Project("{4218C50E-E6FD-F861-DBA3-03B4432B0834}") = "Dungeon-Master", "Assembly-UnityScript.unityproj", "{06B817CC-5906-2239-DA54-1AEEFFC983D6}"
EndProject
Global
	GlobalSection(SolutionConfigurationPlatforms) = preSolution
		Debug|Any CPU = Debug|Any CPU
		Release|Any CPU = Release|Any CPU
	EndGlobalSection
	GlobalSection(ProjectConfigurationPlatforms) = postSolution
		{FAB48452-BA18-54BA-ED23-31D13566339D}.Debug|Any CPU.ActiveCfg = Debug|Any CPU
		{FAB48452-BA18-54BA-ED23-31D13566339D}.Debug|Any CPU.Build.0 = Debug|Any CPU
		{FAB48452-BA18-54BA-ED23-31D13566339D}.Release|Any CPU.ActiveCfg = Release|Any CPU
		{FAB48452-BA18-54BA-ED23-31D13566339D}.Release|Any CPU.Build.0 = Release|Any CPU
		{1FE6739A-4CF0-13A1-56A2-F92F82BC85D3}.Debug|Any CPU.ActiveCfg = Debug|Any CPU
		{1FE6739A-4CF0-13A1-56A2-F92F82BC85D3}.Debug|Any CPU.Build.0 = Debug|Any CPU
		{1FE6739A-4CF0-13A1-56A2-F92F82BC85D3}.Release|Any CPU.ActiveCfg = Release|Any CPU
		{1FE6739A-4CF0-13A1-56A2-F92F82BC85D3}.Release|Any CPU.Build.0 = Release|Any CPU
		{06B817CC-5906-2239-DA54-1AEEFFC983D6}.Debug|Any CPU.ActiveCfg = Debug|Any CPU
		{06B817CC-5906-2239-DA54-1AEEFFC983D6}.Debug|Any CPU.Build.0 = Debug|Any CPU
		{06B817CC-5906-2239-DA54-1AEEFFC983D6}.Release|Any CPU.ActiveCfg = Release|Any CPU
		{06B817CC-5906-2239-DA54-1AEEFFC983D6}.Release|Any CPU.Build.0 = Release|Any CPU
	EndGlobalSection
	GlobalSection(SolutionProperties) = preSolution
		HideSolutionNode = FALSE
	EndGlobalSection
	GlobalSection(MonoDevelopProperties) = preSolution
		StartupItem = Assembly-CSharp.csproj
	EndGlobalSection
EndGlobal
