
Microsoft Visual Studio Solution File, Format Version 12.00
# Visual Studio 2015
Project("{FAE04EC0-301F-11D3-BF4B-00C04F79EFBC}") = "Dungeon-Master", "Dungeon-Master.csproj", "{8B962B22-7978-D08B-FBD1-368C67B52387}"
EndProject
Project("{FAE04EC0-301F-11D3-BF4B-00C04F79EFBC}") = "Dungeon-Master.Editor", "Dungeon-Master.Editor.csproj", "{07DC42B6-25CF-09FD-1D49-00E7C12DFB18}"
EndProject
Global
	GlobalSection(SolutionConfigurationPlatforms) = preSolution
		Debug|Any CPU = Debug|Any CPU
		Release|Any CPU = Release|Any CPU
	EndGlobalSection
	GlobalSection(ProjectConfigurationPlatforms) = postSolution
		{8B962B22-7978-D08B-FBD1-368C67B52387}.Debug|Any CPU.ActiveCfg = Debug|Any CPU
		{8B962B22-7978-D08B-FBD1-368C67B52387}.Debug|Any CPU.Build.0 = Debug|Any CPU
		{8B962B22-7978-D08B-FBD1-368C67B52387}.Release|Any CPU.ActiveCfg = Release|Any CPU
		{8B962B22-7978-D08B-FBD1-368C67B52387}.Release|Any CPU.Build.0 = Release|Any CPU
		{07DC42B6-25CF-09FD-1D49-00E7C12DFB18}.Debug|Any CPU.ActiveCfg = Debug|Any CPU
		{07DC42B6-25CF-09FD-1D49-00E7C12DFB18}.Debug|Any CPU.Build.0 = Debug|Any CPU
		{07DC42B6-25CF-09FD-1D49-00E7C12DFB18}.Release|Any CPU.ActiveCfg = Release|Any CPU
		{07DC42B6-25CF-09FD-1D49-00E7C12DFB18}.Release|Any CPU.Build.0 = Release|Any CPU
	EndGlobalSection
	GlobalSection(SolutionProperties) = preSolution
		HideSolutionNode = FALSE
	EndGlobalSection
EndGlobal
